<?xml version="1.0" encoding="utf-8"?>
<Project ToolsVersion="4.0" xmlns="http://schemas.microsoft.com/developer/msbuild/2003">
  <ItemGroup>
    <Filter Include="Source Files">
      <UniqueIdentifier>{4FC737F1-C7A5-4376-A066-2A32D752A2FF}</UniqueIdentifier>
      <Extensions>cpp;c;cc;cxx;def;odl;idl;hpj;bat;asm;asmx</Extensions>
    </Filter>
    <Filter Include="Header Files">
      <UniqueIdentifier>{93995380-89BD-4b04-88EB-625FBE52EBFB}</UniqueIdentifier>
      <Extensions>h;hpp;hxx;hm;inl;inc;xsd</Extensions>
    </Filter>
    <Filter Include="ia32">
      <UniqueIdentifier>{5ebf2f56-8a70-44fa-9d93-25d2624140cf}</UniqueIdentifier>
    </Filter>
    <Filter Include="asm">
      <UniqueIdentifier>{094e23f7-a1bb-4434-9336-5d33a1f4cfc9}</UniqueIdentifier>
    </Filter>
    <Filter Include="ide">
      <UniqueIdentifier>{bfc0148d-faa0-4117-87a6-32c9d4ff277b}</UniqueIdentifier>
    </Filter>
  </ItemGroup>
  <ItemGroup>
    <ClInclude Include="..\..\PP\hypervisor\airhv\ia32\cpuid.h">
      <Filter>ia32</Filter>
    </ClInclude>
    <ClInclude Include="..\..\PP\hypervisor\airhv\ia32\cr.h">
      <Filter>ia32</Filter>
    </ClInclude>
    <ClInclude Include="..\..\PP\hypervisor\airhv\ia32\dr.h">
      <Filter>ia32</Filter>
    </ClInclude>
    <ClInclude Include="..\..\PP\hypervisor\airhv\ia32\ept.h">
      <Filter>ia32</Filter>
    </ClInclude>
    <ClInclude Include="..\..\PP\hypervisor\airhv\ia32\exception.h">
      <Filter>ia32</Filter>
    </ClInclude>
    <ClInclude Include="..\..\PP\hypervisor\airhv\ia32\msr.h">
      <Filter>ia32</Filter>
    </ClInclude>
    <ClInclude Include="..\..\PP\hypervisor\airhv\ia32\mtrr.h">
      <Filter>ia32</Filter>
    </ClInclude>
    <ClInclude Include="..\..\PP\hypervisor\airhv\ia32\rflags.h">
      <Filter>ia32</Filter>
    </ClInclude>
    <ClInclude Include="..\..\PP\hypervisor\airhv\ia32\segment.h">
      <Filter>ia32</Filter>
    </ClInclude>
    <ClInclude Include="..\..\PP\hypervisor\airhv\ia32\vmcs.h">
      <Filter>ia32</Filter>
    </ClInclude>
    <ClInclude Include="..\..\PP\hypervisor\airhv\ia32\vmcs_encodings.h">
      <Filter>ia32</Filter>
    </ClInclude>
    <ClInclude Include="..\..\PP\hypervisor\airhv\asm\vm_context.h">
      <Filter>asm</Filter>
    </ClInclude>
    <ClInclude Include="..\..\PP\hypervisor\airhv\asm\vm_intrin.h">
      <Filter>asm</Filter>
    </ClInclude>
    <ClInclude Include="..\..\PP\hypervisor\airhv\xsave.h">
      <Filter>Header Files</Filter>
    </ClInclude>
    <ClInclude Include="..\..\PP\hypervisor\airhv\allocators.h">
      <Filter>Header Files</Filter>
    </ClInclude>
    <ClInclude Include="..\..\PP\hypervisor\airhv\common.h">
      <Filter>Header Files</Filter>
    </ClInclude>
    <ClInclude Include="..\..\PP\hypervisor\airhv\hypervisor_gateway.h">
      <Filter>Header Files</Filter>
    </ClInclude>
    <ClInclude Include="..\..\PP\hypervisor\airhv\hypervisor_routines.h">
      <Filter>Header Files</Filter>
    </ClInclude>
    <ClInclude Include="..\..\PP\hypervisor\airhv\interrupt.h">
      <Filter>Header Files</Filter>
    </ClInclude>
    <ClInclude Include="..\..\PP\hypervisor\airhv\invalidators.h">
      <Filter>Header Files</Filter>
    </ClInclude>
    <ClInclude Include="..\..\PP\hypervisor\airhv\log.h">
      <Filter>Header Files</Filter>
    </ClInclude>
    <ClInclude Include="..\..\PP\hypervisor\airhv\ntapi.h">
      <Filter>Header Files</Filter>
    </ClInclude>
    <ClInclude Include="..\..\PP\hypervisor\airhv\poolmanager.h">
      <Filter>Header Files</Filter>
    </ClInclude>
    <ClInclude Include="..\..\PP\hypervisor\airhv\spinlock.h">
      <Filter>Header Files</Filter>
    </ClInclude>
    <ClInclude Include="..\..\PP\hypervisor\airhv\vmcall_handler.h">
      <Filter>Header Files</Filter>
    </ClInclude>
    <ClInclude Include="..\..\PP\hypervisor\airhv\vmcall_reason.h">
      <Filter>Header Files</Filter>
    </ClInclude>
    <ClInclude Include="..\..\PP\hypervisor\airhv\vmexit_handler.h">
      <Filter>Header Files</Filter>
    </ClInclude>
    <ClInclude Include="..\..\PP\hypervisor\airhv\vmm.h">
      <Filter>Header Files</Filter>
    </ClInclude>
  </ItemGroup>
  <ItemGroup>
    <ClCompile Include="..\..\PP\hypervisor\airhv\vmcall_handler.cpp">
      <Filter>Source Files</Filter>
    </ClCompile>
    <ClCompile Include="..\..\PP\hypervisor\airhv\vmcs.cpp">
      <Filter>Source Files</Filter>
    </ClCompile>
    <ClCompile Include="..\..\PP\hypervisor\airhv\vmexit_handler.cpp">
      <Filter>Source Files</Filter>
    </ClCompile>
    <ClCompile Include="..\..\PP\hypervisor\airhv\vmm.cpp">
      <Filter>Source Files</Filter>
    </ClCompile>
    <ClCompile Include="..\..\PP\hypervisor\airhv\ept.cpp">
      <Filter>Source Files</Filter>
    </ClCompile>
    <ClCompile Include="..\..\PP\hypervisor\airhv\hypervisor_gateway.cpp">
      <Filter>Source Files</Filter>
    </ClCompile>
    <ClCompile Include="..\..\PP\hypervisor\airhv\hypervisor_routines.cpp">
      <Filter>Source Files</Filter>
    </ClCompile>
    <ClCompile Include="..\..\PP\hypervisor\airhv\invalidators.cpp">
      <Filter>Source Files</Filter>
    </ClCompile>
    <ClCompile Include="..\..\PP\hypervisor\airhv\log.cpp">
      <Filter>Source Files</Filter>
    </ClCompile>
    <ClCompile Include="..\..\PP\hypervisor\airhv\main.cpp">
      <Filter>Source Files</Filter>
    </ClCompile>
    <ClCompile Include="..\..\PP\hypervisor\airhv\poolmanager.cpp">
      <Filter>Source Files</Filter>
    </ClCompile>
    <ClCompile Include="..\..\PP\hypervisor\airhv\spinlock.cpp">
      <Filter>Source Files</Filter>
    </ClCompile>
  </ItemGroup>
  <ItemGroup>
    <MASM Include="..\..\PP\hypervisor\airhv\asm\vm_context.asm">
      <Filter>asm</Filter>
    </MASM>
    <MASM Include="..\..\PP\hypervisor\airhv\asm\vm_intrin.asm">
      <Filter>asm</Filter>
    </MASM>
    <MASM Include="..\..\PP\hypervisor\airhv\lde\lde64.asm">
      <Filter>ide</Filter>
    </MASM>
  </ItemGroup>
</Project>